// !$*UTF8*$!
{
	archiveVersion = 1;
	classes = {
	};
	objectVersion = 50;
	objects = {

/* Begin PBXBuildFile section */
		CD3EC49C21E7CFA900BB9AB2 /* AppDelegate.swift in Sources */ = {isa = PBXBuildFile; fileRef = CD3EC49B21E7CFA900BB9AB2 /* AppDelegate.swift */; };
		CD3EC4A321E7CFAC00BB9AB2 /* Assets.xcassets in Resources */ = {isa = PBXBuildFile; fileRef = CD3EC4A221E7CFAC00BB9AB2 /* Assets.xcassets */; };
		CD3EC4A621E7CFAC00BB9AB2 /* LaunchScreen.storyboard in Resources */ = {isa = PBXBuildFile; fileRef = CD3EC4A421E7CFAC00BB9AB2 /* LaunchScreen.storyboard */; };
		CD3EC4AE21E7D2CD00BB9AB2 /* CryptoTableViewController.swift in Sources */ = {isa = PBXBuildFile; fileRef = CD3EC4AD21E7D2CD00BB9AB2 /* CryptoTableViewController.swift */; };
		CD3EC4B021E7D43E00BB9AB2 /* CoinData.swift in Sources */ = {isa = PBXBuildFile; fileRef = CD3EC4AF21E7D43E00BB9AB2 /* CoinData.swift */; };
		CD3EC4B221E7DA6D00BB9AB2 /* Futured.TTF in Resources */ = {isa = PBXBuildFile; fileRef = CD3EC4B121E7D8D100BB9AB2 /* Futured.TTF */; };
		CD3EC4B421E7DB2000BB9AB2 /* Credits in Resources */ = {isa = PBXBuildFile; fileRef = CD3EC4B321E7DB2000BB9AB2 /* Credits */; };
		CD3EC4B821E7F11B00BB9AB2 /* UIViewExtension.swift in Sources */ = {isa = PBXBuildFile; fileRef = CD3EC4B721E7F11B00BB9AB2 /* UIViewExtension.swift */; };
		F465154282CABDABCFBC50C5 /* Pods_Captain_Crypto.framework in Frameworks */ = {isa = PBXBuildFile; fileRef = A99D359C2E20D56FF918A591 /* Pods_Captain_Crypto.framework */; };
/* End PBXBuildFile section */

/* Begin PBXFileReference section */
		448CB8364C332D0DBD621B5B /* Pods-Captain Crypto.release.xcconfig */ = {isa = PBXFileReference; includeInIndex = 1; lastKnownFileType = text.xcconfig; name = "Pods-Captain Crypto.release.xcconfig"; path = "Pods/Target Support Files/Pods-Captain Crypto/Pods-Captain Crypto.release.xcconfig"; sourceTree = "<group>"; };
		8DD8A6A098DBA0B4B8B47823 /* Pods-Captain Crypto.debug.xcconfig */ = {isa = PBXFileReference; includeInIndex = 1; lastKnownFileType = text.xcconfig; name = "Pods-Captain Crypto.debug.xcconfig"; path = "Pods/Target Support Files/Pods-Captain Crypto/Pods-Captain Crypto.debug.xcconfig"; sourceTree = "<group>"; };
		A99D359C2E20D56FF918A591 /* Pods_Captain_Crypto.framework */ = {isa = PBXFileReference; explicitFileType = wrapper.framework; includeInIndex = 0; path = Pods_Captain_Crypto.framework; sourceTree = BUILT_PRODUCTS_DIR; };
		CD3EC49821E7CFA900BB9AB2 /* Captain Crypto.app */ = {isa = PBXFileReference; explicitFileType = wrapper.application; includeInIndex = 0; path = "Captain Crypto.app"; sourceTree = BUILT_PRODUCTS_DIR; };
		CD3EC49B21E7CFA900BB9AB2 /* AppDelegate.swift */ = {isa = PBXFileReference; lastKnownFileType = sourcecode.swift; path = AppDelegate.swift; sourceTree = "<group>"; };
		CD3EC4A221E7CFAC00BB9AB2 /* Assets.xcassets */ = {isa = PBXFileReference; lastKnownFileType = folder.assetcatalog; path = Assets.xcassets; sourceTree = "<group>"; };
		CD3EC4A521E7CFAC00BB9AB2 /* Base */ = {isa = PBXFileReference; lastKnownFileType = file.storyboard; name = Base; path = Base.lproj/LaunchScreen.storyboard; sourceTree = "<group>"; };
		CD3EC4A721E7CFAC00BB9AB2 /* Info.plist */ = {isa = PBXFileReference; lastKnownFileType = text.plist.xml; path = Info.plist; sourceTree = "<group>"; };
		CD3EC4AD21E7D2CD00BB9AB2 /* CryptoTableViewController.swift */ = {isa = PBXFileReference; lastKnownFileType = sourcecode.swift; path = CryptoTableViewController.swift; sourceTree = "<group>"; };
		CD3EC4AF21E7D43E00BB9AB2 /* CoinData.swift */ = {isa = PBXFileReference; lastKnownFileType = sourcecode.swift; path = CoinData.swift; sourceTree = "<group>"; };
		CD3EC4B121E7D8D100BB9AB2 /* Futured.TTF */ = {isa = PBXFileReference; lastKnownFileType = file; path = Futured.TTF; sourceTree = "<group>"; };
		CD3EC4B321E7DB2000BB9AB2 /* Credits */ = {isa = PBXFileReference; lastKnownFileType = text; path = Credits; sourceTree = "<group>"; };
		CD3EC4B721E7F11B00BB9AB2 /* UIViewExtension.swift */ = {isa = PBXFileReference; lastKnownFileType = sourcecode.swift; path = UIViewExtension.swift; sourceTree = "<group>"; };
/* End PBXFileReference section */

/* Begin PBXFrameworksBuildPhase section */
		CD3EC49521E7CFA900BB9AB2 /* Frameworks */ = {
			isa = PBXFrameworksBuildPhase;
			buildActionMask = 2147483647;
			files = (
				F465154282CABDABCFBC50C5 /* Pods_Captain_Crypto.framework in Frameworks */,
			);
			runOnlyForDeploymentPostprocessing = 0;
		};
/* End PBXFrameworksBuildPhase section */

/* Begin PBXGroup section */
		367F506FA513BB1995902CF4 /* Frameworks */ = {
			isa = PBXGroup;
			children = (
				A99D359C2E20D56FF918A591 /* Pods_Captain_Crypto.framework */,
			);
			name = Frameworks;
			sourceTree = "<group>";
		};
		524FBD1520711B8F0EAD146F /* Pods */ = {
			isa = PBXGroup;
			children = (
				8DD8A6A098DBA0B4B8B47823 /* Pods-Captain Crypto.debug.xcconfig */,
				448CB8364C332D0DBD621B5B /* Pods-Captain Crypto.release.xcconfig */,
			);
			name = Pods;
			sourceTree = "<group>";
		};
		CD3EC48F21E7CFA900BB9AB2 = {
			isa = PBXGroup;
			children = (
				CD3EC49A21E7CFA900BB9AB2 /* Captain Crypto */,
				CD3EC49921E7CFA900BB9AB2 /* Products */,
				524FBD1520711B8F0EAD146F /* Pods */,
				367F506FA513BB1995902CF4 /* Frameworks */,
			);
			sourceTree = "<group>";
		};
		CD3EC49921E7CFA900BB9AB2 /* Products */ = {
			isa = PBXGroup;
			children = (
				CD3EC49821E7CFA900BB9AB2 /* Captain Crypto.app */,
			);
			name = Products;
			sourceTree = "<group>";
		};
		CD3EC49A21E7CFA900BB9AB2 /* Captain Crypto */ = {
			isa = PBXGroup;
			children = (
				CD3EC49B21E7CFA900BB9AB2 /* AppDelegate.swift */,
				CD3EC4AF21E7D43E00BB9AB2 /* CoinData.swift */,
				CD3EC4AD21E7D2CD00BB9AB2 /* CryptoTableViewController.swift */,
				CD3EC4A221E7CFAC00BB9AB2 /* Assets.xcassets */,
				CD3EC4A421E7CFAC00BB9AB2 /* LaunchScreen.storyboard */,
				CD3EC4A721E7CFAC00BB9AB2 /* Info.plist */,
				CD3EC4B121E7D8D100BB9AB2 /* Futured.TTF */,
				CD3EC4B721E7F11B00BB9AB2 /* UIViewExtension.swift */,
				CD3EC4B321E7DB2000BB9AB2 /* Credits */,
			);
			path = "Captain Crypto";
			sourceTree = "<group>";
		};
/* End PBXGroup section */

/* Begin PBXNativeTarget section */
		CD3EC49721E7CFA900BB9AB2 /* Captain Crypto */ = {
			isa = PBXNativeTarget;
			buildConfigurationList = CD3EC4AA21E7CFAC00BB9AB2 /* Build configuration list for PBXNativeTarget "Captain Crypto" */;
			buildPhases = (
				A464F8DE6006B49A200989B9 /* [CP] Check Pods Manifest.lock */,
				CD3EC49421E7CFA900BB9AB2 /* Sources */,
				CD3EC49521E7CFA900BB9AB2 /* Frameworks */,
				CD3EC49621E7CFA900BB9AB2 /* Resources */,
				2FDA1D4207E63D400F6B4FE4 /* [CP] Embed Pods Frameworks */,
			);
			buildRules = (
			);
			dependencies = (
			);
			name = "Captain Crypto";
			productName = "Captain Crypto";
			productReference = CD3EC49821E7CFA900BB9AB2 /* Captain Crypto.app */;
			productType = "com.apple.product-type.application";
		};
/* End PBXNativeTarget section */

/* Begin PBXProject section */
		CD3EC49021E7CFA900BB9AB2 /* Project object */ = {
			isa = PBXProject;
			attributes = {
				LastSwiftUpdateCheck = 1010;
				LastUpgradeCheck = 1010;
				ORGANIZATIONNAME = "Clear Syntax";
				TargetAttributes = {
					CD3EC49721E7CFA900BB9AB2 = {
						CreatedOnToolsVersion = 10.1;
					};
				};
			};
			buildConfigurationList = CD3EC49321E7CFA900BB9AB2 /* Build configuration list for PBXProject "Captain Crypto" */;
			compatibilityVersion = "Xcode 9.3";
			developmentRegion = en;
			hasScannedForEncodings = 0;
			knownRegions = (
				en,
				Base,
			);
			mainGroup = CD3EC48F21E7CFA900BB9AB2;
			productRefGroup = CD3EC49921E7CFA900BB9AB2 /* Products */;
			projectDirPath = "";
			projectRoot = "";
			targets = (
				CD3EC49721E7CFA900BB9AB2 /* Captain Crypto */,
			);
		};
/* End PBXProject section */

/* Begin PBXResourcesBuildPhase section */
		CD3EC49621E7CFA900BB9AB2 /* Resources */ = {
			isa = PBXResourcesBuildPhase;
			buildActionMask = 2147483647;
			files = (
				CD3EC4B221E7DA6D00BB9AB2 /* Futured.TTF in Resources */,
				CD3EC4B421E7DB2000BB9AB2 /* Credits in Resources */,
				CD3EC4A621E7CFAC00BB9AB2 /* LaunchScreen.storyboard in Resources */,
				CD3EC4A321E7CFAC00BB9AB2 /* Assets.xcassets in Resources */,
			);
			runOnlyForDeploymentPostprocessing = 0;
		};
/* End PBXResourcesBuildPhase section */

/* Begin PBXShellScriptBuildPhase section */
		2FDA1D4207E63D400F6B4FE4 /* [CP] Embed Pods Frameworks */ = {
			isa = PBXShellScriptBuildPhase;
			buildActionMask = 2147483647;
			files = (
			);
			inputPaths = (
				"${SRCROOT}/Pods/Target Support Files/Pods-Captain Crypto/Pods-Captain Crypto-frameworks.sh",
				"${BUILT_PRODUCTS_DIR}/Alamofire/Alamofire.framework",
			);
			name = "[CP] Embed Pods Frameworks";
			outputPaths = (
				"${TARGET_BUILD_DIR}/${FRAMEWORKS_FOLDER_PATH}/Alamofire.framework",
			);
			runOnlyForDeploymentPostprocessing = 0;
			shellPath = /bin/sh;
			shellScript = "\"${SRCROOT}/Pods/Target Support Files/Pods-Captain Crypto/Pods-Captain Crypto-frameworks.sh\"\n";
			showEnvVarsInLog = 0;
		};
		A464F8DE6006B49A200989B9 /* [CP] Check Pods Manifest.lock */ = {
			isa = PBXShellScriptBuildPhase;
			buildActionMask = 2147483647;
			files = (
			);
			inputPaths = (
				"${PODS_PODFILE_DIR_PATH}/Podfile.lock",
				"${PODS_ROOT}/Manifest.lock",
			);
			name = "[CP] Check Pods Manifest.lock";
			outputPaths = (
				"$(DERIVED_FILE_DIR)/Pods-Captain Crypto-checkManifestLockResult.txt",
			);
			runOnlyForDeploymentPostprocessing = 0;
			shellPath = /bin/sh;
			shellScript = "diff \"${PODS_PODFILE_DIR_PATH}/Podfile.lock\" \"${PODS_ROOT}/Manifest.lock\" > /dev/null\nif [ $? != 0 ] ; then\n    # print error to STDERR\n    echo \"error: The sandbox is not in sync with the Podfile.lock. Run 'pod install' or update your CocoaPods installation.\" >&2\n    exit 1\nfi\n# This output is used by Xcode 'outputs' to avoid re-running this script phase.\necho \"SUCCESS\" > \"${SCRIPT_OUTPUT_FILE_0}\"\n";
			showEnvVarsInLog = 0;
		};
/* End PBXShellScriptBuildPhase section */

/* Begin PBXSourcesBuildPhase section */
		CD3EC49421E7CFA900BB9AB2 /* Sources */ = {
			isa = PBXSourcesBuildPhase;
			buildActionMask = 2147483647;
			files = (
				CD3EC4B021E7D43E00BB9AB2 /* CoinData.swift in Sources */,
				CD3EC4AE21E7D2CD00BB9AB2 /* CryptoTableViewController.swift in Sources */,
				CD3EC49C21E7CFA900BB9AB2 /* AppDelegate.swift in Sources */,
				CD3EC4B821E7F11B00BB9AB2 /* UIViewExtension.swift in Sources */,
			);
			runOnlyForDeploymentPostprocessing = 0;
		};
/* End PBXSourcesBuildPhase section */

/* Begin PBXVariantGroup section */
		CD3EC4A421E7CFAC00BB9AB2 /* LaunchScreen.storyboard */ = {
			isa = PBXVariantGroup;
			children = (
				CD3EC4A521E7CFAC00BB9AB2 /* Base */,
			);
			name = LaunchScreen.storyboard;
			sourceTree = "<group>";
		};
/* End PBXVariantGroup section */

/* Begin XCBuildConfiguration section */
		CD3EC4A821E7CFAC00BB9AB2 /* Debug */ = {
			isa = XCBuildConfiguration;
			buildSettings = {
				ALWAYS_SEARCH_USER_PATHS = NO;
				CLANG_ANALYZER_NONNULL = YES;
				CLANG_ANALYZER_NUMBER_OBJECT_CONVERSION = YES_AGGRESSIVE;
				CLANG_CXX_LANGUAGE_STANDARD = "gnu++14";
				CLANG_CXX_LIBRARY = "libc++";
				CLANG_ENABLE_MODULES = YES;
				CLANG_ENABLE_OBJC_ARC = YES;
				CLANG_ENABLE_OBJC_WEAK = YES;
				CLANG_WARN_BLOCK_CAPTURE_AUTORELEASING = YES;
				CLANG_WARN_BOOL_CONVERSION = YES;
				CLANG_WARN_COMMA = YES;
				CLANG_WARN_CONSTANT_CONVERSION = YES;
				CLANG_WARN_DEPRECATED_OBJC_IMPLEMENTATIONS = YES;
				CLANG_WARN_DIRECT_OBJC_ISA_USAGE = YES_ERROR;
				CLANG_WARN_DOCUMENTATION_COMMENTS = YES;
				CLANG_WARN_EMPTY_BODY = YES;
				CLANG_WARN_ENUM_CONVERSION = YES;
				CLANG_WARN_INFINITE_RECURSION = YES;
				CLANG_WARN_INT_CONVERSION = YES;
				CLANG_WARN_NON_LITERAL_NULL_CONVERSION = YES;
				CLANG_WARN_OBJC_IMPLICIT_RETAIN_SELF = YES;
				CLANG_WARN_OBJC_LITERAL_CONVERSION = YES;
				CLANG_WARN_OBJC_ROOT_CLASS = YES_ERROR;
				CLANG_WARN_RANGE_LOOP_ANALYSIS = YES;
				CLANG_WARN_STRICT_PROTOTYPES = YES;
				CLANG_WARN_SUSPICIOUS_MOVE = YES;
				CLANG_WARN_UNGUARDED_AVAILABILITY = YES_AGGRESSIVE;
				CLANG_WARN_UNREACHABLE_CODE = YES;
				CLANG_WARN__DUPLICATE_METHOD_MATCH = YES;
				CODE_SIGN_IDENTITY = "iPhone Developer";
				COPY_PHASE_STRIP = NO;
				DEBUG_INFORMATION_FORMAT = dwarf;
				ENABLE_STRICT_OBJC_MSGSEND = YES;
				ENABLE_TESTABILITY = YES;
				GCC_C_LANGUAGE_STANDARD = gnu11;
				GCC_DYNAMIC_NO_PIC = NO;
				GCC_NO_COMMON_BLOCKS = YES;
				GCC_OPTIMIZATION_LEVEL = 0;
				GCC_PREPROCESSOR_DEFINITIONS = (
					"DEBUG=1",
					"$(inherited)",
				);
				GCC_WARN_64_TO_32_BIT_CONVERSION = YES;
				GCC_WARN_ABOUT_RETURN_TYPE = YES_ERROR;
				GCC_WARN_UNDECLARED_SELECTOR = YES;
				GCC_WARN_UNINITIALIZED_AUTOS = YES_AGGRESSIVE;
				GCC_WARN_UNUSED_FUNCTION = YES;
				GCC_WARN_UNUSED_VARIABLE = YES;
				IPHONEOS_DEPLOYMENT_TARGET = 12.1;
				MTL_ENABLE_DEBUG_INFO = INCLUDE_SOURCE;
				MTL_FAST_MATH = YES;
				ONLY_ACTIVE_ARCH = YES;
				SDKROOT = iphoneos;
				SWIFT_ACTIVE_COMPILATION_CONDITIONS = DEBUG;
				SWIFT_OPTIMIZATION_LEVEL = "-Onone";
			};
			name = Debug;
		};
		CD3EC4A921E7CFAC00BB9AB2 /* Release */ = {
			isa = XCBuildConfiguration;
			buildSettings = {
				ALWAYS_SEARCH_USER_PATHS = NO;
				CLANG_ANALYZER_NONNULL = YES;
				CLANG_ANALYZER_NUMBER_OBJECT_CONVERSION = YES_AGGRESSIVE;
				CLANG_CXX_LANGUAGE_STANDARD = "gnu++14";
				CLANG_CXX_LIBRARY = "libc++";
				CLANG_ENABLE_MODULES = YES;
				CLANG_ENABLE_OBJC_ARC = YES;
				CLANG_ENABLE_OBJC_WEAK = YES;
				CLANG_WARN_BLOCK_CAPTURE_AUTORELEASING = YES;
				CLANG_WARN_BOOL_CONVERSION = YES;
				CLANG_WARN_COMMA = YES;
				CLANG_WARN_CONSTANT_CONVERSION = YES;
				CLANG_WARN_DEPRECATED_OBJC_IMPLEMENTATIONS = YES;
				CLANG_WARN_DIRECT_OBJC_ISA_USAGE = YES_ERROR;
				CLANG_WARN_DOCUMENTATION_COMMENTS = YES;
				CLANG_WARN_EMPTY_BODY = YES;
				CLANG_WARN_ENUM_CONVERSION = YES;
				CLANG_WARN_INFINITE_RECURSION = YES;
				CLANG_WARN_INT_CONVERSION = YES;
				CLANG_WARN_NON_LITERAL_NULL_CONVERSION = YES;
				CLANG_WARN_OBJC_IMPLICIT_RETAIN_SELF = YES;
				CLANG_WARN_OBJC_LITERAL_CONVERSION = YES;
				CLANG_WARN_OBJC_ROOT_CLASS = YES_ERROR;
				CLANG_WARN_RANGE_LOOP_ANALYSIS = YES;
				CLANG_WARN_STRICT_PROTOTYPES = YES;
				CLANG_WARN_SUSPICIOUS_MOVE = YES;
				CLANG_WARN_UNGUARDED_AVAILABILITY = YES_AGGRESSIVE;
				CLANG_WARN_UNREACHABLE_CODE = YES;
				CLANG_WARN__DUPLICATE_METHOD_MATCH = YES;
				CODE_SIGN_IDENTITY = "iPhone Developer";
				COPY_PHASE_STRIP = NO;
				DEBUG_INFORMATION_FORMAT = "dwarf-with-dsym";
				ENABLE_NS_ASSERTIONS = NO;
				ENABLE_STRICT_OBJC_MSGSEND = YES;
				GCC_C_LANGUAGE_STANDARD = gnu11;
				GCC_NO_COMMON_BLOCKS = YES;
				GCC_WARN_64_TO_32_BIT_CONVERSION = YES;
				GCC_WARN_ABOUT_RETURN_TYPE = YES_ERROR;
				GCC_WARN_UNDECLARED_SELECTOR = YES;
				GCC_WARN_UNINITIALIZED_AUTOS = YES_AGGRESSIVE;
				GCC_WARN_UNUSED_FUNCTION = YES;
				GCC_WARN_UNUSED_VARIABLE = YES;
				IPHONEOS_DEPLOYMENT_TARGET = 12.1;
				MTL_ENABLE_DEBUG_INFO = NO;
				MTL_FAST_MATH = YES;
				SDKROOT = iphoneos;
				SWIFT_COMPILATION_MODE = wholemodule;
				SWIFT_OPTIMIZATION_LEVEL = "-O";
				VALIDATE_PRODUCT = YES;
			};
			name = Release;
		};
		CD3EC4AB21E7CFAC00BB9AB2 /* Debug */ = {
			isa = XCBuildConfiguration;
			baseConfigurationReference = 8DD8A6A098DBA0B4B8B47823 /* Pods-Captain Crypto.debug.xcconfig */;
			buildSettings = {
				ASSETCATALOG_COMPILER_APPICON_NAME = AppIcon;
				CODE_SIGN_STYLE = Automatic;
				DEVELOPMENT_TEAM = E8X22KVKQV;
				INFOPLIST_FILE = "Captain Crypto/Info.plist";
				LD_RUNPATH_SEARCH_PATHS = (
					"$(inherited)",
					"@executable_path/Frameworks",
				);
				PRODUCT_BUNDLE_IDENTIFIER = "com.clearsyntax.Captain-Crypto";
				PRODUCT_NAME = "$(TARGET_NAME)";
				SWIFT_VERSION = 4.2;
				TARGETED_DEVICE_FAMILY = "1,2";
			};
			name = Debug;
		};
		CD3EC4AC21E7CFAC00BB9AB2 /* Release */ = {
			isa = XCBuildConfiguration;
			baseConfigurationReference = 448CB8364C332D0DBD621B5B /* Pods-Captain Crypto.release.xcconfig */;
			buildSettings = {
				ASSETCATALOG_COMPILER_APPICON_NAME = AppIcon;
				CODE_SIGN_STYLE = Automatic;
				DEVELOPMENT_TEAM = E8X22KVKQV;
				INFOPLIST_FILE = "Captain Crypto/Info.plist";
				LD_RUNPATH_SEARCH_PATHS = (
					"$(inherited)",
					"@executable_path/Frameworks",
				);
				PRODUCT_BUNDLE_IDENTIFIER = "com.clearsyntax.Captain-Crypto";
				PRODUCT_NAME = "$(TARGET_NAME)";
				SWIFT_VERSION = 4.2;
				TARGETED_DEVICE_FAMILY = "1,2";
			};
			name = Release;
		};
/* End XCBuildConfiguration section */

/* Begin XCConfigurationList section */
		CD3EC49321E7CFA900BB9AB2 /* Build configuration list for PBXProject "Captain Crypto" */ = {
			isa = XCConfigurationList;
			buildConfigurations = (
				CD3EC4A821E7CFAC00BB9AB2 /* Debug */,
				CD3EC4A921E7CFAC00BB9AB2 /* Release */,
			);
			defaultConfigurationIsVisible = 0;
			defaultConfigurationName = Release;
		};
		CD3EC4AA21E7CFAC00BB9AB2 /* Build configuration list for PBXNativeTarget "Captain Crypto" */ = {
			isa = XCConfigurationList;
			buildConfigurations = (
				CD3EC4AB21E7CFAC00BB9AB2 /* Debug */,
				CD3EC4AC21E7CFAC00BB9AB2 /* Release */,
			);
			defaultConfigurationIsVisible = 0;
			defaultConfigurationName = Release;
		};
/* End XCConfigurationList section */
	};
	rootObject = CD3EC49021E7CFA900BB9AB2 /* Project object */;
}
